{
  "name": "async-oauth-host",
  "lockfileVersion": 3,
  "requires": true,
  "packages": {
    "": {
      "name": "async-oauth-host",
      "dependencies": {
        "@model-auth/providers": "https://github.com/lsy-404/platform-kit/releases/download/v0.3.1/model-auth-providers-0.3.0.tgz",
        "sherpa-onnx-node": "1.13.6"
      }
    },
    "node_modules/@model-auth/providers": {
      "version": "0.3.0",
      "resolved": "https://github.com/lsy-404/platform-kit/releases/download/v0.3.1/model-auth-providers-0.3.0.tgz",
      "integrity": "sha512-0vsIDF/Pop74cBaZiDWorvy5lJrliWIgcbfqKSVPMlFp7MvFVebE9S3vYeSLvnQYGmOkOdW0irbba/E5lm1Kpw==",
      "license": "Apache-2.0",
      "dependencies": {
        "tough-cookie": "6.0.2"
      },
      "engines": {
        "node": ">=20.19"
      }
    },
    "node_modules/sherpa-onnx-darwin-arm64": {
      "version": "1.13.7",
      "resolved": "https://registry.npmjs.org/sherpa-onnx-darwin-arm64/-/sherpa-onnx-darwin-arm64-1.13.7.tgz",
      "integrity": "sha512-5NCE50hAvr3n2pdett0SgfPBJXaFZE0bqHwbHyiq+IKZ8Ids0l4M0VrG+ImGYIafCwie+oC3uAJ+pKj9xg/k+w==",
      "cpu": [
        "arm64"
      ],
      "license": "Apache-2.0",
      "optional": true,
      "os": [
        "darwin"
      ]
    },
    "node_modules/sherpa-onnx-darwin-x64": {
      "version": "1.13.7",
      "resolved": "https://registry.npmjs.org/sherpa-onnx-darwin-x64/-/sherpa-onnx-darwin-x64-1.13.7.tgz",
      "integrity": "sha512-N3o+T+wn9WaQmsKV5DD8bTHdo+WN2+sXwmZcGJZiDjtOMR2zFz7uVCZnYCmEAMgvChC+oHcF5RvEEKcRCAu6Pw==",
      "cpu": [
        "x64"
      ],
      "license": "Apache-2.0",
      "optional": true,
      "os": [
        "darwin"
      ]
    },
    "node_modules/sherpa-onnx-linux-arm64": {
      "version": "1.13.7",
      "resolved": "https://registry.npmjs.org/sherpa-onnx-linux-arm64/-/sherpa-onnx-linux-arm64-1.13.7.tgz",
      "integrity": "sha512-TFCVpXyTh69buhOtTS8KIfkRXOVKY4Y1qjAktSItrKS4A0chnnrlXO5bKWoNAPeI6fMxTF/uvMYbYgcvjEMfNg==",
      "cpu": [
        "arm64"
      ],
      "license": "Apache-2.0",
      "optional": true,
      "os": [
        "linux"
      ]
    },
    "node_modules/sherpa-onnx-linux-x64": {
      "version": "1.13.7",
      "resolved": "https://registry.npmjs.org/sherpa-onnx-linux-x64/-/sherpa-onnx-linux-x64-1.13.7.tgz",
      "integrity": "sha512-npmxn5WwmAmlthgBhmbZ33t3i2j4mJwQt46dMEb3j7d41y1/uJrjrVAfa/DkvV+vn49ZWfcQ2UEWDipaZBVhuw==",
      "cpu": [
        "x64"
      ],
      "license": "Apache-2.0",
      "optional": true,
      "os": [
        "linux"
      ]
    },
    "node_modules/sherpa-onnx-node": {
      "version": "1.13.6",
      "resolved": "https://registry.npmjs.org/sherpa-onnx-node/-/sherpa-onnx-node-1.13.6.tgz",
      "integrity": "sha512-FjUSQSStTi/wcLqlScGFmNA7ySjW3QwquJcMRJ1yDkDpBp0BmWXkXoirDuEj8/v2/Cs4wLYJp2BKaMD9+1lDGA==",
      "license": "Apache-2.0",
      "optionalDependencies": {
        "sherpa-onnx-darwin-arm64": "^1.13.6",
        "sherpa-onnx-darwin-x64": "^1.13.6",
        "sherpa-onnx-linux-arm64": "^1.13.6",
        "sherpa-onnx-linux-x64": "^1.13.6",
        "sherpa-onnx-win-ia32": "^1.13.6",
        "sherpa-onnx-win-x64": "^1.13.6"
      }
    },
    "node_modules/sherpa-onnx-win-ia32": {
      "version": "1.13.7",
      "resolved": "https://registry.npmjs.org/sherpa-onnx-win-ia32/-/sherpa-onnx-win-ia32-1.13.7.tgz",
      "integrity": "sha512-sTwtpxPQ76XLn0giAbvknIDEDKD3XXi2mo2AVROEucf1pIK1DjQl+LjLkalTeFoQqbC4J3xGx/g+xgcHQD1dsw==",
      "cpu": [
        "ia32"
      ],
      "license": "Apache-2.0",
      "optional": true,
      "os": [
        "win32"
      ]
    },
    "node_modules/sherpa-onnx-win-x64": {
      "version": "1.13.7",
      "resolved": "https://registry.npmjs.org/sherpa-onnx-win-x64/-/sherpa-onnx-win-x64-1.13.7.tgz",
      "integrity": "sha512-wBV1o+/zgsMrOjfCFIgGrH6S28xq6CqRCLSavCOjTZ6cqr80yGc07DUHxqsHFPZvfoJU+2JF5L2l3gyWFWoWdQ==",
      "cpu": [
        "x64"
      ],
      "license": "Apache-2.0",
      "optional": true,
      "os": [
        "win32"
      ]
    },
    "node_modules/tldts": {
      "version": "7.4.12",
      "resolved": "https://registry.npmjs.org/tldts/-/tldts-7.4.12.tgz",
      "integrity": "sha512-WylhSDKVeYnWXL3a+vKTaOxjnOeEGw938hImY8zoRWJjRRK/Jp1K+IihBzIONpUmW4e3WmXT6q5FW6vlESVZCA==",
      "license": "MIT",
      "dependencies": {
        "tldts-core": "^7.4.12"
      },
      "bin": {
        "tldts": "bin/cli.js"
      }
    },
    "node_modules/tldts-core": {
      "version": "7.4.12",
      "resolved": "https://registry.npmjs.org/tldts-core/-/tldts-core-7.4.12.tgz",
      "integrity": "sha512-nYNzS2WRf4QJmjzFFgAxLOBjyBxAGRbCy9PVBPaglcYyYajh40VBn+v5Ngr96ZMc7oM0+aCJdtQnNejvdBnXMQ==",
      "license": "MIT"
    },
    "node_modules/tough-cookie": {
      "version": "6.0.2",
      "resolved": "https://registry.npmjs.org/tough-cookie/-/tough-cookie-6.0.2.tgz",
      "integrity": "sha512-exgYmnmL/sJpR3upZfXG5PoatXQii55xAiXGXzY+sROLZ/Y+SLcp9PgJNI9Vz37HpQ74WvDcLT8eqm+kV3FzrA==",
      "license": "BSD-3-Clause",
      "dependencies": {
        "tldts": "^7.0.5"
      },
      "engines": {
        "node": ">=16"
      }
    }
  }
}
